
Microsoft Visual Studio Solution File, Format Version 12.00
# Visual Studio Version 17
VisualStudioVersion = 17.0.31919.166
MinimumVisualStudioVersion = 10.0.40219.1
Project("{FAE04EC0-301F-11D3-BF4B-00C04F79EFBC}") = "CPEN333_Project", "CPEN333_Project\CPEN333_Project.csproj", "{A38C23C6-81C3-4F09-9435-7CC61B68709E}"
EndProject
Global
	GlobalSection(SolutionConfigurationPlatforms) = preSolution
		Debug|Any CPU = Debug|Any CPU
		Release|Any CPU = Release|Any CPU
	EndGlobalSection
	GlobalSection(ProjectConfigurationPlatforms) = postSolution
		{A38C23C6-81C3-4F09-9435-7CC61B68709E}.Debug|Any CPU.ActiveCfg = Debug|Any CPU
		{A38C23C6-81C3-4F09-9435-7CC61B68709E}.Debug|Any CPU.Build.0 = Debug|Any CPU
		{A38C23C6-81C3-4F09-9435-7CC61B68709E}.Release|Any CPU.ActiveCfg = Release|Any CPU
		{A38C23C6-81C3-4F09-9435-7CC61B68709E}.Release|Any CPU.Build.0 = Release|Any CPU
	EndGlobalSection
	GlobalSection(SolutionProperties) = preSolution
		HideSolutionNode = FALSE
	EndGlobalSection
	GlobalSection(ExtensibilityGlobals) = postSolution
		SolutionGuid = {75FDB9DF-4120-4B5A-82FB-20D6A1490B12}
	EndGlobalSection
EndGlobal
